<?xml version="1.0" encoding="utf-8"?>
<Project xmlns="http://schemas.microsoft.com/developer/msbuild/2003">
  <ItemGroup>
    <Filter Include="Generated Files">
      <UniqueIdentifier>{71ED8ED8-ACB9-4CE9-BBE1-E00B30144E11}</UniqueIdentifier>
      <Extensions>cpp;c;cxx;moc;h;def;odl;idl;res;</Extensions>
    </Filter>
    <Filter Include="Generated Files">
      <UniqueIdentifier>{71ED8ED8-ACB9-4CE9-BBE1-E00B30144E11}</UniqueIdentifier>
      <Extensions>cpp;c;cxx;moc;h;def;odl;idl;res;</Extensions>
    </Filter>
    <Filter Include="Header Files">
      <UniqueIdentifier>{93995380-89BD-4b04-88EB-625FBE52EBFB}</UniqueIdentifier>
      <Extensions>h;hpp;hxx;hm;inl;inc;xsd</Extensions>
    </Filter>
    <Filter Include="Header Files">
      <UniqueIdentifier>{93995380-89BD-4b04-88EB-625FBE52EBFB}</UniqueIdentifier>
      <Extensions>h;hpp;hxx;hm;inl;inc;xsd</Extensions>
    </Filter>
    <Filter Include="Source Files">
      <UniqueIdentifier>{4FC737F1-C7A5-4376-A066-2A32D752A2FF}</UniqueIdentifier>
      <Extensions>cpp;c;cxx;def;odl;idl;hpj;bat;asm;asmx</Extensions>
    </Filter>
    <Filter Include="Source Files">
      <UniqueIdentifier>{4FC737F1-C7A5-4376-A066-2A32D752A2FF}</UniqueIdentifier>
      <Extensions>cpp;c;cxx;def;odl;idl;hpj;bat;asm;asmx</Extensions>
    </Filter>
  </ItemGroup>
  <ItemGroup>
    <ClCompile Include="..\3rdparty\SocksLib\states\InitialState.cpp">
      <Filter>Source Files</Filter>
    </ClCompile>
    <ClCompile Include="..\3rdparty\SocksLib\decorators\QIODeviceDecorator.cpp">
      <Filter>Source Files</Filter>
    </ClCompile>
    <ClCompile Include="..\3rdparty\SocksLib\decorators\QTcpSocketDecorator.cpp">
      <Filter>Source Files</Filter>
    </ClCompile>
    <ClCompile Include="..\3rdparty\SocksLib\states\Socks4ConnectState.cpp">
      <Filter>Source Files</Filter>
    </ClCompile>
    <ClCompile Include="..\3rdparty\SocksLib\states\Socks4ConnectedState.cpp">
      <Filter>Source Files</Filter>
    </ClCompile>
    <ClCompile Include="..\3rdparty\SocksLib\states\Socks4InitialState.cpp">
      <Filter>Source Files</Filter>
    </ClCompile>
    <ClCompile Include="..\3rdparty\SocksLib\protocol\Socks4ReplyMessage.cpp">
      <Filter>Source Files</Filter>
    </ClCompile>
    <ClCompile Include="..\3rdparty\SocksLib\protocol\Socks4RequestMessage.cpp">
      <Filter>Source Files</Filter>
    </ClCompile>
    <ClCompile Include="..\3rdparty\SocksLib\states\Socks5AuthState.cpp">
      <Filter>Source Files</Filter>
    </ClCompile>
    <ClCompile Include="..\3rdparty\SocksLib\states\Socks5AuthenticatedState.cpp">
      <Filter>Source Files</Filter>
    </ClCompile>
    <ClCompile Include="..\3rdparty\SocksLib\states\Socks5ConnectState.cpp">
      <Filter>Source Files</Filter>
    </ClCompile>
    <ClCompile Include="..\3rdparty\SocksLib\states\Socks5ConnectedState.cpp">
      <Filter>Source Files</Filter>
    </ClCompile>
    <ClCompile Include="..\3rdparty\SocksLib\protocol\Socks5GreetingMessage.cpp">
      <Filter>Source Files</Filter>
    </ClCompile>
    <ClCompile Include="..\3rdparty\SocksLib\protocol\Socks5MethodSelectionMessage.cpp">
      <Filter>Source Files</Filter>
    </ClCompile>
    <ClCompile Include="..\3rdparty\SocksLib\protocol\Socks5ReplyMessage.cpp">
      <Filter>Source Files</Filter>
    </ClCompile>
    <ClCompile Include="..\3rdparty\SocksLib\protocol\Socks5RequestMessage.cpp">
      <Filter>Source Files</Filter>
    </ClCompile>
    <ClCompile Include="..\3rdparty\SocksLib\states\Socks5UDPAssociateState.cpp">
      <Filter>Source Files</Filter>
    </ClCompile>
    <ClCompile Include="..\3rdparty\SocksLib\states\Socks5UDPAssociatedState.cpp">
      <Filter>Source Files</Filter>
    </ClCompile>
    <ClCompile Include="..\3rdparty\SocksLib\protocol\Socks5UDPRequestMessage.cpp">
      <Filter>Source Files</Filter>
    </ClCompile>
    <ClCompile Include="..\3rdparty\SocksLib\SocksConnection.cpp">
      <Filter>Source Files</Filter>
    </ClCompile>
    <ClCompile Include="..\3rdparty\SocksLib\protocol\SocksProtocolMessage.cpp">
      <Filter>Source Files</Filter>
    </ClCompile>
    <ClCompile Include="..\3rdparty\SocksLib\protocol\SocksReplyMessage4a.cpp">
      <Filter>Source Files</Filter>
    </ClCompile>
    <ClCompile Include="..\3rdparty\SocksLib\SocksServer.cpp">
      <Filter>Source Files</Filter>
    </ClCompile>
    <ClCompile Include="..\3rdparty\SocksLib\SocksSession.cpp">
      <Filter>Source Files</Filter>
    </ClCompile>
    <ClCompile Include="..\3rdparty\SocksLib\SocksSessionManager.cpp">
      <Filter>Source Files</Filter>
    </ClCompile>
    <ClCompile Include="..\3rdparty\SocksLib\states\SocksState.cpp">
      <Filter>Source Files</Filter>
    </ClCompile>
    <ClCompile Include="..\3rdparty\SocksLib\decorators\ThrottlingDecorator.cpp">
      <Filter>Source Files</Filter>
    </ClCompile>
    <ClCompile Include="browserspy\abstractbrowser.cpp">
      <Filter>Source Files</Filter>
    </ClCompile>
    <ClCompile Include="..\3rdparty\neuron\src\abstractcall.cpp">
      <Filter>Source Files</Filter>
    </ClCompile>
    <ClCompile Include="..\common\abstractclient.cpp">
      <Filter>Source Files</Filter>
    </ClCompile>
    <ClCompile Include="..\3rdparty\neuron\src\abstractdataencoder.cpp">
      <Filter>Source Files</Filter>
    </ClCompile>
    <ClCompile Include="..\common\abstractfilesystem.cpp">
      <Filter>Source Files</Filter>
    </ClCompile>
    <ClCompile Include="..\3rdparty\neuron\src\abstracthub.cpp">
      <Filter>Source Files</Filter>
    </ClCompile>
    <ClCompile Include="..\common\abstractregistry.cpp">
      <Filter>Source Files</Filter>
    </ClCompile>
    <ClCompile Include="..\common\abstractremotecli.cpp">
      <Filter>Source Files</Filter>
    </ClCompile>
    <ClCompile Include="..\3rdparty\neuron\src\abstractserializer.cpp">
      <Filter>Source Files</Filter>
    </ClCompile>
    <ClCompile Include="..\common\abstractwebcammanager.cpp">
      <Filter>Source Files</Filter>
    </ClCompile>
    <ClCompile Include="..\common\audiohub.cpp">
      <Filter>Source Files</Filter>
    </ClCompile>
    <ClCompile Include="browserspy\browserhelper.cpp">
      <Filter>Source Files</Filter>
    </ClCompile>
    <ClCompile Include="..\3rdparty\neuron\src\call.cpp">
      <Filter>Source Files</Filter>
    </ClCompile>
    <ClCompile Include="browserspy\chrome.cpp">
      <Filter>Source Files</Filter>
    </ClCompile>
    <ClCompile Include="client.cpp">
      <Filter>Source Files</Filter>
    </ClCompile>
    <ClCompile Include="..\3rdparty\neuron\src\clienthub.cpp">
      <Filter>Source Files</Filter>
    </ClCompile>
    <ClCompile Include="configreader.cpp">
      <Filter>Source Files</Filter>
    </ClCompile>
    <ClCompile Include="..\common\features.cpp">
      <Filter>Source Files</Filter>
    </ClCompile>
    <ClCompile Include="filedownloader.cpp">
      <Filter>Source Files</Filter>
    </ClCompile>
    <ClCompile Include="browserspy\firefox.cpp">
      <Filter>Source Files</Filter>
    </ClCompile>
    <ClCompile Include="browserspy\ie.cpp">
      <Filter>Source Files</Filter>
    </ClCompile>
    <ClCompile Include="inputmanager.cpp">
      <Filter>Source Files</Filter>
    </ClCompile>
    <ClCompile Include="..\3rdparty\neuron\src\jsonbinaryserializer.cpp">
      <Filter>Source Files</Filter>
    </ClCompile>
    <ClCompile Include="keylogger.cpp">
      <Filter>Source Files</Filter>
    </ClCompile>
    <ClCompile Include="keylogger_windows.cpp">
      <Filter>Source Files</Filter>
    </ClCompile>
    <ClCompile Include="keys.cpp">
      <Filter>Source Files</Filter>
    </ClCompile>
    <ClCompile Include="..\3rdparty\lz4\lib\lz4.c">
      <Filter>Source Files</Filter>
    </ClCompile>
    <ClCompile Include="main.cpp">
      <Filter>Source Files</Filter>
    </ClCompile>
    <ClCompile Include="nativeutils.cpp">
      <Filter>Source Files</Filter>
    </ClCompile>
    <ClCompile Include="..\common\objectcache.cpp">
      <Filter>Source Files</Filter>
    </ClCompile>
    <ClCompile Include="..\common\pathplaceholder.cpp">
      <Filter>Source Files</Filter>
    </ClCompile>
    <ClCompile Include="..\3rdparty\neuron\src\peer.cpp">
      <Filter>Source Files</Filter>
    </ClCompile>
    <ClCompile Include="rawcopy.cpp">
      <Filter>Source Files</Filter>
    </ClCompile>
    <ClCompile Include="regkey.cpp">
      <Filter>Source Files</Filter>
    </ClCompile>
    <ClCompile Include="remotecli.cpp">
      <Filter>Source Files</Filter>
    </ClCompile>
    <ClCompile Include="screencaster.cpp">
      <Filter>Source Files</Filter>
    </ClCompile>
    <ClCompile Include="..\3rdparty\neuron\src\server.cpp">
      <Filter>Source Files</Filter>
    </ClCompile>
    <ClCompile Include="..\3rdparty\neuron\src\serverhub.cpp">
      <Filter>Source Files</Filter>
    </ClCompile>
    <ClCompile Include="..\3rdparty\neuron\src\serverthread.cpp">
      <Filter>Source Files</Filter>
    </ClCompile>
    <ClCompile Include="..\3rdparty\neuron\src\sharedobject.cpp">
      <Filter>Source Files</Filter>
    </ClCompile>
    <ClCompile Include="..\3rdparty\neuron\src\simpletokenvalidator.cpp">
      <Filter>Source Files</Filter>
    </ClCompile>
    <ClCompile Include="..\3rdparty\SocksLib\sockshub.cpp">
      <Filter>Source Files</Filter>
    </ClCompile>
    <ClCompile Include="..\common\taskmanager.cpp">
      <Filter>Source Files</Filter>
    </ClCompile>
    <ClCompile Include="..\3rdparty\neuron\src\tcpsocketserver.cpp">
      <Filter>Source Files</Filter>
    </ClCompile>
    <ClCompile Include="test.cpp">
      <Filter>Source Files</Filter>
    </ClCompile>
    <ClCompile Include="..\common\variantwrapper.cpp">
      <Filter>Source Files</Filter>
    </ClCompile>
    <ClCompile Include="webcam.cpp">
      <Filter>Source Files</Filter>
    </ClCompile>
    <ClCompile Include="webcamimagesurface.cpp">
      <Filter>Source Files</Filter>
    </ClCompile>
  </ItemGroup>
  <ItemGroup>
    <CustomBuild Include="..\3rdparty\SocksLib\states\InitialState.h">
      <Filter>Header Files</Filter>
    </CustomBuild>
    <ClInclude Include="..\common\Optional.h">
      <Filter>Header Files</Filter>
    </ClInclude>
    <CustomBuild Include="..\3rdparty\SocksLib\decorators\QIODeviceDecorator.h">
      <Filter>Header Files</Filter>
    </CustomBuild>
    <CustomBuild Include="..\3rdparty\SocksLib\decorators\QTcpSocketDecorator.h">
      <Filter>Header Files</Filter>
    </CustomBuild>
    <CustomBuild Include="..\3rdparty\SocksLib\states\Socks4ConnectState.h">
      <Filter>Header Files</Filter>
    </CustomBuild>
    <CustomBuild Include="..\3rdparty\SocksLib\states\Socks4ConnectedState.h">
      <Filter>Header Files</Filter>
    </CustomBuild>
    <CustomBuild Include="..\3rdparty\SocksLib\states\Socks4InitialState.h">
      <Filter>Header Files</Filter>
    </CustomBuild>
    <ClInclude Include="..\3rdparty\SocksLib\protocol\Socks4ReplyMessage.h">
      <Filter>Header Files</Filter>
    </ClInclude>
    <ClInclude Include="..\3rdparty\SocksLib\protocol\Socks4RequestMessage.h">
      <Filter>Header Files</Filter>
    </ClInclude>
    <CustomBuild Include="..\3rdparty\SocksLib\states\Socks5AuthState.h">
      <Filter>Header Files</Filter>
    </CustomBuild>
    <CustomBuild Include="..\3rdparty\SocksLib\states\Socks5AuthenticatedState.h">
      <Filter>Header Files</Filter>
    </CustomBuild>
    <CustomBuild Include="..\3rdparty\SocksLib\states\Socks5ConnectState.h">
      <Filter>Header Files</Filter>
    </CustomBuild>
    <CustomBuild Include="..\3rdparty\SocksLib\states\Socks5ConnectedState.h">
      <Filter>Header Files</Filter>
    </CustomBuild>
    <ClInclude Include="..\3rdparty\SocksLib\protocol\Socks5GreetingMessage.h">
      <Filter>Header Files</Filter>
    </ClInclude>
    <ClInclude Include="..\3rdparty\SocksLib\protocol\Socks5MethodSelectionMessage.h">
      <Filter>Header Files</Filter>
    </ClInclude>
    <ClInclude Include="..\3rdparty\SocksLib\protocol\Socks5ReplyMessage.h">
      <Filter>Header Files</Filter>
    </ClInclude>
    <ClInclude Include="..\3rdparty\SocksLib\protocol\Socks5RequestMessage.h">
      <Filter>Header Files</Filter>
    </ClInclude>
    <CustomBuild Include="..\3rdparty\SocksLib\states\Socks5UDPAssociateState.h">
      <Filter>Header Files</Filter>
    </CustomBuild>
    <CustomBuild Include="..\3rdparty\SocksLib\states\Socks5UDPAssociatedState.h">
      <Filter>Header Files</Filter>
    </CustomBuild>
    <ClInclude Include="..\3rdparty\SocksLib\protocol\Socks5UDPRequestMessage.h">
      <Filter>Header Files</Filter>
    </ClInclude>
    <CustomBuild Include="..\3rdparty\SocksLib\SocksConnection.h">
      <Filter>Header Files</Filter>
    </CustomBuild>
    <ClInclude Include="..\3rdparty\SocksLib\SocksLib_global.h">
      <Filter>Header Files</Filter>
    </ClInclude>
    <ClInclude Include="..\3rdparty\SocksLib\protocol\SocksProtocolMessage.h">
      <Filter>Header Files</Filter>
    </ClInclude>
    <ClInclude Include="..\3rdparty\SocksLib\protocol\SocksReplyMessage4a.h">
      <Filter>Header Files</Filter>
    </ClInclude>
    <CustomBuild Include="..\3rdparty\SocksLib\SocksServer.h">
      <Filter>Header Files</Filter>
    </CustomBuild>
    <CustomBuild Include="..\3rdparty\SocksLib\SocksSession.h">
      <Filter>Header Files</Filter>
    </CustomBuild>
    <CustomBuild Include="..\3rdparty\SocksLib\SocksSessionManager.h">
      <Filter>Header Files</Filter>
    </CustomBuild>
    <CustomBuild Include="..\3rdparty\SocksLib\states\SocksState.h">
      <Filter>Header Files</Filter>
    </CustomBuild>
    <CustomBuild Include="..\3rdparty\SocksLib\decorators\ThrottlingDecorator.h">
      <Filter>Header Files</Filter>
    </CustomBuild>
    <CustomBuild Include="browserspy\abstractbrowser.h">
      <Filter>Header Files</Filter>
    </CustomBuild>
    <CustomBuild Include="..\3rdparty\neuron\src\abstractcall.h">
      <Filter>Header Files</Filter>
    </CustomBuild>
    <CustomBuild Include="..\common\abstractclient.h">
      <Filter>Header Files</Filter>
    </CustomBuild>
    <CustomBuild Include="..\3rdparty\neuron\src\abstractdataencoder.h">
      <Filter>Header Files</Filter>
    </CustomBuild>
    <CustomBuild Include="..\common\abstractfilesystem.h">
      <Filter>Header Files</Filter>
    </CustomBuild>
    <CustomBuild Include="..\3rdparty\neuron\src\abstracthub.h">
      <Filter>Header Files</Filter>
    </CustomBuild>
    <ClInclude Include="..\3rdparty\neuron\src\abstracthub_p.h">
      <Filter>Header Files</Filter>
    </ClInclude>
    <CustomBuild Include="..\common\abstractregistry.h">
      <Filter>Header Files</Filter>
    </CustomBuild>
    <CustomBuild Include="..\common\abstractremotecli.h">
      <Filter>Header Files</Filter>
    </CustomBuild>
    <CustomBuild Include="..\3rdparty\neuron\src\abstractserializer.h">
      <Filter>Header Files</Filter>
    </CustomBuild>
    <CustomBuild Include="..\common\abstractwebcammanager.h">
      <Filter>Header Files</Filter>
    </CustomBuild>
    <CustomBuild Include="..\common\audiohub.h">
      <Filter>Header Files</Filter>
    </CustomBuild>
    <ClInclude Include="browserspy\browserhelper.h">
      <Filter>Header Files</Filter>
    </ClInclude>
    <ClInclude Include="..\3rdparty\neuron\src\call.h">
      <Filter>Header Files</Filter>
    </ClInclude>
    <ClInclude Include="browserspy\chrome.h">
      <Filter>Header Files</Filter>
    </ClInclude>
    <CustomBuild Include="client.h">
      <Filter>Header Files</Filter>
    </CustomBuild>
    <CustomBuild Include="..\3rdparty\neuron\src\clienthub.h">
      <Filter>Header Files</Filter>
    </CustomBuild>
    <ClInclude Include="..\3rdparty\neuron\src\clienthub_p.h">
      <Filter>Header Files</Filter>
    </ClInclude>
    <ClInclude Include="..\config.h">
      <Filter>Header Files</Filter>
    </ClInclude>
    <ClInclude Include="configreader.h">
      <Filter>Header Files</Filter>
    </ClInclude>
    <ClInclude Include="..\common\consts.h">
      <Filter>Header Files</Filter>
    </ClInclude>
    <ClInclude Include="..\3rdparty\neuron\src\syntax\decl_signal_peer.h">
      <Filter>Header Files</Filter>
    </ClInclude>
    <ClInclude Include="..\3rdparty\neuron\src\syntax\decl_signal_sharedobject.h">
      <Filter>Header Files</Filter>
    </ClInclude>
    <ClInclude Include="..\common\features.h">
      <Filter>Header Files</Filter>
    </ClInclude>
    <CustomBuild Include="filedownloader.h">
      <Filter>Header Files</Filter>
    </CustomBuild>
    <ClInclude Include="browserspy\firefox.h">
      <Filter>Header Files</Filter>
    </ClInclude>
    <ClInclude Include="..\3rdparty\neuron\src\global.h">
      <Filter>Header Files</Filter>
    </ClInclude>
    <ClInclude Include="browserspy\ie.h">
      <Filter>Header Files</Filter>
    </ClInclude>
    <CustomBuild Include="inputmanager.h">
      <Filter>Header Files</Filter>
    </CustomBuild>
    <CustomBuild Include="..\3rdparty\neuron\src\jsonbinaryserializer.h">
      <Filter>Header Files</Filter>
    </CustomBuild>
    <CustomBuild Include="keylogger.h">
      <Filter>Header Files</Filter>
    </CustomBuild>
    <ClInclude Include="keys.h">
      <Filter>Header Files</Filter>
    </ClInclude>
    <ClInclude Include="..\3rdparty\lz4\lib\lz4.h">
      <Filter>Header Files</Filter>
    </ClInclude>
    <ClInclude Include="..\3rdparty\neuron\src\syntax\method_async.h">
      <Filter>Header Files</Filter>
    </ClInclude>
    <ClInclude Include="..\3rdparty\neuron\src\syntax\method_jscallback.h">
      <Filter>Header Files</Filter>
    </ClInclude>
    <ClInclude Include="..\3rdparty\neuron\src\syntax\method_metamethod.h">
      <Filter>Header Files</Filter>
    </ClInclude>
    <ClInclude Include="..\3rdparty\neuron\src\syntax\method_slot_peer.h">
      <Filter>Header Files</Filter>
    </ClInclude>
    <ClInclude Include="..\3rdparty\neuron\src\syntax\method_slot_sharedobject.h">
      <Filter>Header Files</Filter>
    </ClInclude>
    <ClInclude Include="..\3rdparty\neuron\src\syntax\method_slotcallback.h">
      <Filter>Header Files</Filter>
    </ClInclude>
    <ClInclude Include="..\3rdparty\neuron\src\syntax\method_stdfunc.h">
      <Filter>Header Files</Filter>
    </ClInclude>
    <ClInclude Include="nativeutils.h">
      <Filter>Header Files</Filter>
    </ClInclude>
    <ClInclude Include="..\common\objectcache.h">
      <Filter>Header Files</Filter>
    </ClInclude>
    <ClInclude Include="..\3rdparty\neuron\src\syntax\p_share.h">
      <Filter>Header Files</Filter>
    </ClInclude>
    <ClInclude Include="..\common\pathplaceholder.h">
      <Filter>Header Files</Filter>
    </ClInclude>
    <CustomBuild Include="..\3rdparty\neuron\src\peer.h">
      <Filter>Header Files</Filter>
    </CustomBuild>
    <ClInclude Include="rawcopy.h">
      <Filter>Header Files</Filter>
    </ClInclude>
    <ClInclude Include="regkey.h">
      <Filter>Header Files</Filter>
    </ClInclude>
    <CustomBuild Include="remotecli.h">
      <Filter>Header Files</Filter>
    </CustomBuild>
    <CustomBuild Include="screencaster.h">
      <Filter>Header Files</Filter>
    </CustomBuild>
    <CustomBuild Include="..\3rdparty\neuron\src\server.h">
      <Filter>Header Files</Filter>
    </CustomBuild>
    <ClInclude Include="..\3rdparty\neuron\src\server_p.h">
      <Filter>Header Files</Filter>
    </ClInclude>
    <CustomBuild Include="..\3rdparty\neuron\src\serverhub.h">
      <Filter>Header Files</Filter>
    </CustomBuild>
    <ClInclude Include="..\3rdparty\neuron\src\serverhub_p.h">
      <Filter>Header Files</Filter>
    </ClInclude>
    <ClInclude Include="..\3rdparty\neuron\src\serverthread.h">
      <Filter>Header Files</Filter>
    </ClInclude>
    <CustomBuild Include="..\3rdparty\neuron\src\sharedobject.h">
      <Filter>Header Files</Filter>
    </CustomBuild>
    <CustomBuild Include="..\3rdparty\neuron\src\simpletokenvalidator.h">
      <Filter>Header Files</Filter>
    </CustomBuild>
    <CustomBuild Include="..\3rdparty\SocksLib\sockshub.h">
      <Filter>Header Files</Filter>
    </CustomBuild>
    <ClInclude Include="..\3rdparty\neuron\src\syntax\syntax.h">
      <Filter>Header Files</Filter>
    </ClInclude>
    <ClInclude Include="..\3rdparty\neuron\src\syntax\syntax_peer.h">
      <Filter>Header Files</Filter>
    </ClInclude>
    <ClInclude Include="..\3rdparty\neuron\src\syntax\syntax_sharedobject.h">
      <Filter>Header Files</Filter>
    </ClInclude>
    <ClInclude Include="..\common\taskmanager.h">
      <Filter>Header Files</Filter>
    </ClInclude>
    <CustomBuild Include="..\3rdparty\neuron\src\tcpsocketserver_p.h">
      <Filter>Header Files</Filter>
    </CustomBuild>
    <ClInclude Include="..\common\variantwrapper.h">
      <Filter>Header Files</Filter>
    </ClInclude>
    <CustomBuild Include="webcam.h">
      <Filter>Header Files</Filter>
    </CustomBuild>
    <CustomBuild Include="webcamimagesurface.h">
      <Filter>Header Files</Filter>
    </CustomBuild>
    <ClInclude Include="win32keys.h">
      <Filter>Header Files</Filter>
    </ClInclude>
    <ClInclude Include="x11keys.h">
      <Filter>Header Files</Filter>
    </ClInclude>
  </ItemGroup>
  <ItemGroup>
    <ClCompile Include="debug\moc_InitialState.cpp">
      <Filter>Generated Files</Filter>
    </ClCompile>
    <ClCompile Include="release\moc_InitialState.cpp">
      <Filter>Generated Files</Filter>
    </ClCompile>
    <ClCompile Include="debug\moc_QIODeviceDecorator.cpp">
      <Filter>Generated Files</Filter>
    </ClCompile>
    <ClCompile Include="release\moc_QIODeviceDecorator.cpp">
      <Filter>Generated Files</Filter>
    </ClCompile>
    <ClCompile Include="debug\moc_QTcpSocketDecorator.cpp">
      <Filter>Generated Files</Filter>
    </ClCompile>
    <ClCompile Include="release\moc_QTcpSocketDecorator.cpp">
      <Filter>Generated Files</Filter>
    </ClCompile>
    <ClCompile Include="debug\moc_Socks4ConnectState.cpp">
      <Filter>Generated Files</Filter>
    </ClCompile>
    <ClCompile Include="release\moc_Socks4ConnectState.cpp">
      <Filter>Generated Files</Filter>
    </ClCompile>
    <ClCompile Include="debug\moc_Socks4ConnectedState.cpp">
      <Filter>Generated Files</Filter>
    </ClCompile>
    <ClCompile Include="release\moc_Socks4ConnectedState.cpp">
      <Filter>Generated Files</Filter>
    </ClCompile>
    <ClCompile Include="debug\moc_Socks4InitialState.cpp">
      <Filter>Generated Files</Filter>
    </ClCompile>
    <ClCompile Include="release\moc_Socks4InitialState.cpp">
      <Filter>Generated Files</Filter>
    </ClCompile>
    <ClCompile Include="debug\moc_Socks5AuthState.cpp">
      <Filter>Generated Files</Filter>
    </ClCompile>
    <ClCompile Include="release\moc_Socks5AuthState.cpp">
      <Filter>Generated Files</Filter>
    </ClCompile>
    <ClCompile Include="debug\moc_Socks5AuthenticatedState.cpp">
      <Filter>Generated Files</Filter>
    </ClCompile>
    <ClCompile Include="release\moc_Socks5AuthenticatedState.cpp">
      <Filter>Generated Files</Filter>
    </ClCompile>
    <ClCompile Include="debug\moc_Socks5ConnectState.cpp">
      <Filter>Generated Files</Filter>
    </ClCompile>
    <ClCompile Include="release\moc_Socks5ConnectState.cpp">
      <Filter>Generated Files</Filter>
    </ClCompile>
    <ClCompile Include="debug\moc_Socks5ConnectedState.cpp">
      <Filter>Generated Files</Filter>
    </ClCompile>
    <ClCompile Include="release\moc_Socks5ConnectedState.cpp">
      <Filter>Generated Files</Filter>
    </ClCompile>
    <ClCompile Include="debug\moc_Socks5UDPAssociateState.cpp">
      <Filter>Generated Files</Filter>
    </ClCompile>
    <ClCompile Include="release\moc_Socks5UDPAssociateState.cpp">
      <Filter>Generated Files</Filter>
    </ClCompile>
    <ClCompile Include="debug\moc_Socks5UDPAssociatedState.cpp">
      <Filter>Generated Files</Filter>
    </ClCompile>
    <ClCompile Include="release\moc_Socks5UDPAssociatedState.cpp">
      <Filter>Generated Files</Filter>
    </ClCompile>
    <ClCompile Include="debug\moc_SocksConnection.cpp">
      <Filter>Generated Files</Filter>
    </ClCompile>
    <ClCompile Include="release\moc_SocksConnection.cpp">
      <Filter>Generated Files</Filter>
    </ClCompile>
    <ClCompile Include="debug\moc_SocksServer.cpp">
      <Filter>Generated Files</Filter>
    </ClCompile>
    <ClCompile Include="release\moc_SocksServer.cpp">
      <Filter>Generated Files</Filter>
    </ClCompile>
    <ClCompile Include="debug\moc_SocksSession.cpp">
      <Filter>Generated Files</Filter>
    </ClCompile>
    <ClCompile Include="release\moc_SocksSession.cpp">
      <Filter>Generated Files</Filter>
    </ClCompile>
    <ClCompile Include="debug\moc_SocksSessionManager.cpp">
      <Filter>Generated Files</Filter>
    </ClCompile>
    <ClCompile Include="release\moc_SocksSessionManager.cpp">
      <Filter>Generated Files</Filter>
    </ClCompile>
    <ClCompile Include="debug\moc_SocksState.cpp">
      <Filter>Generated Files</Filter>
    </ClCompile>
    <ClCompile Include="release\moc_SocksState.cpp">
      <Filter>Generated Files</Filter>
    </ClCompile>
    <ClCompile Include="debug\moc_ThrottlingDecorator.cpp">
      <Filter>Generated Files</Filter>
    </ClCompile>
    <ClCompile Include="release\moc_ThrottlingDecorator.cpp">
      <Filter>Generated Files</Filter>
    </ClCompile>
    <ClCompile Include="debug\moc_abstractbrowser.cpp">
      <Filter>Generated Files</Filter>
    </ClCompile>
    <ClCompile Include="release\moc_abstractbrowser.cpp">
      <Filter>Generated Files</Filter>
    </ClCompile>
    <ClCompile Include="debug\moc_abstractcall.cpp">
      <Filter>Generated Files</Filter>
    </ClCompile>
    <ClCompile Include="release\moc_abstractcall.cpp">
      <Filter>Generated Files</Filter>
    </ClCompile>
    <ClCompile Include="debug\moc_abstractclient.cpp">
      <Filter>Generated Files</Filter>
    </ClCompile>
    <ClCompile Include="release\moc_abstractclient.cpp">
      <Filter>Generated Files</Filter>
    </ClCompile>
    <ClCompile Include="debug\moc_abstractdataencoder.cpp">
      <Filter>Generated Files</Filter>
    </ClCompile>
    <ClCompile Include="release\moc_abstractdataencoder.cpp">
      <Filter>Generated Files</Filter>
    </ClCompile>
    <ClCompile Include="debug\moc_abstractfilesystem.cpp">
      <Filter>Generated Files</Filter>
    </ClCompile>
    <ClCompile Include="release\moc_abstractfilesystem.cpp">
      <Filter>Generated Files</Filter>
    </ClCompile>
    <ClCompile Include="debug\moc_abstracthub.cpp">
      <Filter>Generated Files</Filter>
    </ClCompile>
    <ClCompile Include="release\moc_abstracthub.cpp">
      <Filter>Generated Files</Filter>
    </ClCompile>
    <ClCompile Include="debug\moc_abstractregistry.cpp">
      <Filter>Generated Files</Filter>
    </ClCompile>
    <ClCompile Include="release\moc_abstractregistry.cpp">
      <Filter>Generated Files</Filter>
    </ClCompile>
    <ClCompile Include="debug\moc_abstractremotecli.cpp">
      <Filter>Generated Files</Filter>
    </ClCompile>
    <ClCompile Include="release\moc_abstractremotecli.cpp">
      <Filter>Generated Files</Filter>
    </ClCompile>
    <ClCompile Include="debug\moc_abstractserializer.cpp">
      <Filter>Generated Files</Filter>
    </ClCompile>
    <ClCompile Include="release\moc_abstractserializer.cpp">
      <Filter>Generated Files</Filter>
    </ClCompile>
    <ClCompile Include="debug\moc_abstractwebcammanager.cpp">
      <Filter>Generated Files</Filter>
    </ClCompile>
    <ClCompile Include="release\moc_abstractwebcammanager.cpp">
      <Filter>Generated Files</Filter>
    </ClCompile>
    <ClCompile Include="debug\moc_audiohub.cpp">
      <Filter>Generated Files</Filter>
    </ClCompile>
    <ClCompile Include="release\moc_audiohub.cpp">
      <Filter>Generated Files</Filter>
    </ClCompile>
    <ClCompile Include="debug\moc_client.cpp">
      <Filter>Generated Files</Filter>
    </ClCompile>
    <ClCompile Include="release\moc_client.cpp">
      <Filter>Generated Files</Filter>
    </ClCompile>
    <ClCompile Include="debug\moc_clienthub.cpp">
      <Filter>Generated Files</Filter>
    </ClCompile>
    <ClCompile Include="release\moc_clienthub.cpp">
      <Filter>Generated Files</Filter>
    </ClCompile>
    <ClCompile Include="debug\moc_filedownloader.cpp">
      <Filter>Generated Files</Filter>
    </ClCompile>
    <ClCompile Include="release\moc_filedownloader.cpp">
      <Filter>Generated Files</Filter>
    </ClCompile>
    <ClCompile Include="debug\moc_inputmanager.cpp">
      <Filter>Generated Files</Filter>
    </ClCompile>
    <ClCompile Include="release\moc_inputmanager.cpp">
      <Filter>Generated Files</Filter>
    </ClCompile>
    <ClCompile Include="debug\moc_jsonbinaryserializer.cpp">
      <Filter>Generated Files</Filter>
    </ClCompile>
    <ClCompile Include="release\moc_jsonbinaryserializer.cpp">
      <Filter>Generated Files</Filter>
    </ClCompile>
    <ClCompile Include="debug\moc_keylogger.cpp">
      <Filter>Generated Files</Filter>
    </ClCompile>
    <ClCompile Include="release\moc_keylogger.cpp">
      <Filter>Generated Files</Filter>
    </ClCompile>
    <ClCompile Include="debug\moc_peer.cpp">
      <Filter>Generated Files</Filter>
    </ClCompile>
    <ClCompile Include="release\moc_peer.cpp">
      <Filter>Generated Files</Filter>
    </ClCompile>
    <CustomBuild Include="debug\moc_predefs.h.cbt">
      <Filter>Generated Files</Filter>
    </CustomBuild>
    <CustomBuild Include="release\moc_predefs.h.cbt">
      <Filter>Generated Files</Filter>
    </CustomBuild>
    <ClCompile Include="debug\moc_remotecli.cpp">
      <Filter>Generated Files</Filter>
    </ClCompile>
    <ClCompile Include="release\moc_remotecli.cpp">
      <Filter>Generated Files</Filter>
    </ClCompile>
    <ClCompile Include="debug\moc_screencaster.cpp">
      <Filter>Generated Files</Filter>
    </ClCompile>
    <ClCompile Include="release\moc_screencaster.cpp">
      <Filter>Generated Files</Filter>
    </ClCompile>
    <ClCompile Include="debug\moc_server.cpp">
      <Filter>Generated Files</Filter>
    </ClCompile>
    <ClCompile Include="release\moc_server.cpp">
      <Filter>Generated Files</Filter>
    </ClCompile>
    <ClCompile Include="debug\moc_serverhub.cpp">
      <Filter>Generated Files</Filter>
    </ClCompile>
    <ClCompile Include="release\moc_serverhub.cpp">
      <Filter>Generated Files</Filter>
    </ClCompile>
    <ClCompile Include="debug\moc_sharedobject.cpp">
      <Filter>Generated Files</Filter>
    </ClCompile>
    <ClCompile Include="release\moc_sharedobject.cpp">
      <Filter>Generated Files</Filter>
    </ClCompile>
    <ClCompile Include="debug\moc_simpletokenvalidator.cpp">
      <Filter>Generated Files</Filter>
    </ClCompile>
    <ClCompile Include="release\moc_simpletokenvalidator.cpp">
      <Filter>Generated Files</Filter>
    </ClCompile>
    <ClCompile Include="debug\moc_sockshub.cpp">
      <Filter>Generated Files</Filter>
    </ClCompile>
    <ClCompile Include="release\moc_sockshub.cpp">
      <Filter>Generated Files</Filter>
    </ClCompile>
    <ClCompile Include="debug\moc_tcpsocketserver_p.cpp">
      <Filter>Generated Files</Filter>
    </ClCompile>
    <ClCompile Include="release\moc_tcpsocketserver_p.cpp">
      <Filter>Generated Files</Filter>
    </ClCompile>
    <ClCompile Include="debug\moc_webcam.cpp">
      <Filter>Generated Files</Filter>
    </ClCompile>
    <ClCompile Include="release\moc_webcam.cpp">
      <Filter>Generated Files</Filter>
    </ClCompile>
    <ClCompile Include="debug\moc_webcamimagesurface.cpp">
      <Filter>Generated Files</Filter>
    </ClCompile>
    <ClCompile Include="release\moc_webcamimagesurface.cpp">
      <Filter>Generated Files</Filter>
    </ClCompile>
  </ItemGroup>
</Project>